
Microsoft Visual Studio Solution File, Format Version 12.00
# Visual Studio 2015
Project("{FAE04EC0-301F-11D3-BF4B-00C04F79EFBC}") = "Nucleus.Plugins", "Nucleus.Plugins.csproj", "{B2C17DAA-E65D-2703-B3F9-DE180A0AB7F8}"
EndProject
Project("{FAE04EC0-301F-11D3-BF4B-00C04F79EFBC}") = "Nucleus", "Nucleus.csproj", "{1F766D1D-87BB-2908-C2A1-BB6152FE2755}"
EndProject
Project("{FAE04EC0-301F-11D3-BF4B-00C04F79EFBC}") = "Nucleus.Editor.Plugins", "Nucleus.Editor.Plugins.csproj", "{D8004E9B-0BD7-E259-EF19-BF7E244CA34E}"
EndProject
Global
	GlobalSection(SolutionConfigurationPlatforms) = preSolution
		Debug|Any CPU = Debug|Any CPU
		Release|Any CPU = Release|Any CPU
	EndGlobalSection
	GlobalSection(ProjectConfigurationPlatforms) = postSolution
		{B2C17DAA-E65D-2703-B3F9-DE180A0AB7F8}.Debug|Any CPU.ActiveCfg = Debug|Any CPU
		{B2C17DAA-E65D-2703-B3F9-DE180A0AB7F8}.Debug|Any CPU.Build.0 = Debug|Any CPU
		{B2C17DAA-E65D-2703-B3F9-DE180A0AB7F8}.Release|Any CPU.ActiveCfg = Release|Any CPU
		{B2C17DAA-E65D-2703-B3F9-DE180A0AB7F8}.Release|Any CPU.Build.0 = Release|Any CPU
		{1F766D1D-87BB-2908-C2A1-BB6152FE2755}.Debug|Any CPU.ActiveCfg = Debug|Any CPU
		{1F766D1D-87BB-2908-C2A1-BB6152FE2755}.Debug|Any CPU.Build.0 = Debug|Any CPU
		{1F766D1D-87BB-2908-C2A1-BB6152FE2755}.Release|Any CPU.ActiveCfg = Release|Any CPU
		{1F766D1D-87BB-2908-C2A1-BB6152FE2755}.Release|Any CPU.Build.0 = Release|Any CPU
		{D8004E9B-0BD7-E259-EF19-BF7E244CA34E}.Debug|Any CPU.ActiveCfg = Debug|Any CPU
		{D8004E9B-0BD7-E259-EF19-BF7E244CA34E}.Debug|Any CPU.Build.0 = Debug|Any CPU
		{D8004E9B-0BD7-E259-EF19-BF7E244CA34E}.Release|Any CPU.ActiveCfg = Release|Any CPU
		{D8004E9B-0BD7-E259-EF19-BF7E244CA34E}.Release|Any CPU.Build.0 = Release|Any CPU
	EndGlobalSection
	GlobalSection(SolutionProperties) = preSolution
		HideSolutionNode = FALSE
	EndGlobalSection
EndGlobal
