
Microsoft Visual Studio Solution File, Format Version 12.00
# Visual Studio 2015
Project("{FAE04EC0-301F-11D3-BF4B-00C04F79EFBC}") = "Nucleus.CSharp.Plugins", "Nucleus.CSharp.Plugins.csproj", "{1F3C4DA2-E1C8-704D-286B-3AEE8CB1F157}"
EndProject
Project("{FAE04EC0-301F-11D3-BF4B-00C04F79EFBC}") = "Nucleus.CSharp", "Nucleus.CSharp.csproj", "{A452FF5F-DCFD-2A95-FCD7-80D66D2645DF}"
EndProject
Project("{FAE04EC0-301F-11D3-BF4B-00C04F79EFBC}") = "Nucleus.CSharp.Editor.Plugins", "Nucleus.CSharp.Editor.Plugins.csproj", "{F79DEE46-C259-2F5C-9382-33DBBFA5B75D}"
EndProject
Global
	GlobalSection(SolutionConfigurationPlatforms) = preSolution
		Debug|Any CPU = Debug|Any CPU
		Release|Any CPU = Release|Any CPU
	EndGlobalSection
	GlobalSection(ProjectConfigurationPlatforms) = postSolution
		{1F3C4DA2-E1C8-704D-286B-3AEE8CB1F157}.Debug|Any CPU.ActiveCfg = Debug|Any CPU
		{1F3C4DA2-E1C8-704D-286B-3AEE8CB1F157}.Debug|Any CPU.Build.0 = Debug|Any CPU
		{1F3C4DA2-E1C8-704D-286B-3AEE8CB1F157}.Release|Any CPU.ActiveCfg = Release|Any CPU
		{1F3C4DA2-E1C8-704D-286B-3AEE8CB1F157}.Release|Any CPU.Build.0 = Release|Any CPU
		{A452FF5F-DCFD-2A95-FCD7-80D66D2645DF}.Debug|Any CPU.ActiveCfg = Debug|Any CPU
		{A452FF5F-DCFD-2A95-FCD7-80D66D2645DF}.Debug|Any CPU.Build.0 = Debug|Any CPU
		{A452FF5F-DCFD-2A95-FCD7-80D66D2645DF}.Release|Any CPU.ActiveCfg = Release|Any CPU
		{A452FF5F-DCFD-2A95-FCD7-80D66D2645DF}.Release|Any CPU.Build.0 = Release|Any CPU
		{F79DEE46-C259-2F5C-9382-33DBBFA5B75D}.Debug|Any CPU.ActiveCfg = Debug|Any CPU
		{F79DEE46-C259-2F5C-9382-33DBBFA5B75D}.Debug|Any CPU.Build.0 = Debug|Any CPU
		{F79DEE46-C259-2F5C-9382-33DBBFA5B75D}.Release|Any CPU.ActiveCfg = Release|Any CPU
		{F79DEE46-C259-2F5C-9382-33DBBFA5B75D}.Release|Any CPU.Build.0 = Release|Any CPU
	EndGlobalSection
	GlobalSection(SolutionProperties) = preSolution
		HideSolutionNode = FALSE
	EndGlobalSection
EndGlobal
